
Microsoft Visual Studio Solution File, Format Version 12.00
# Visual Studio Version 16
VisualStudioVersion = 16.0.31727.386
MinimumVisualStudioVersion = 10.0.40219.1
Project("{FAE04EC0-301F-11D3-BF4B-00C04F79EFBC}") = "CoreDemoMY", "CoreDemoMY\CoreDemoMY.csproj", "{C7C287A7-1E8A-463C-B4CB-E9E2AB710201}"
EndProject
Project("{FAE04EC0-301F-11D3-BF4B-00C04F79EFBC}") = "EntityLayer", "EntityLayer\EntityLayer.csproj", "{1E367B0A-9410-4D92-9A01-77C6D1C66434}"
EndProject
Project("{FAE04EC0-301F-11D3-BF4B-00C04F79EFBC}") = "DataAccessLayer", "DataAccessLayer\DataAccessLayer.csproj", "{CBC608D3-AFD2-4C31-9E26-7E6BF61C27AF}"
EndProject
Project("{FAE04EC0-301F-11D3-BF4B-00C04F79EFBC}") = "BusinessLayer", "BusinessLayer\BusinessLayer.csproj", "{882AC7FC-C521-4A6F-983F-DBE0047B4CD5}"
EndProject
Project("{FAE04EC0-301F-11D3-BF4B-00C04F79EFBC}") = "CoreLayer", "CoreLayer\CoreLayer.csproj", "{D583AEF5-C85F-4D25-9150-8986F34F710A}"
EndProject
Global
	GlobalSection(SolutionConfigurationPlatforms) = preSolution
		Debug|Any CPU = Debug|Any CPU
		Release|Any CPU = Release|Any CPU
	EndGlobalSection
	GlobalSection(ProjectConfigurationPlatforms) = postSolution
		{C7C287A7-1E8A-463C-B4CB-E9E2AB710201}.Debug|Any CPU.ActiveCfg = Debug|Any CPU
		{C7C287A7-1E8A-463C-B4CB-E9E2AB710201}.Debug|Any CPU.Build.0 = Debug|Any CPU
		{C7C287A7-1E8A-463C-B4CB-E9E2AB710201}.Release|Any CPU.ActiveCfg = Release|Any CPU
		{C7C287A7-1E8A-463C-B4CB-E9E2AB710201}.Release|Any CPU.Build.0 = Release|Any CPU
		{1E367B0A-9410-4D92-9A01-77C6D1C66434}.Debug|Any CPU.ActiveCfg = Debug|Any CPU
		{1E367B0A-9410-4D92-9A01-77C6D1C66434}.Debug|Any CPU.Build.0 = Debug|Any CPU
		{1E367B0A-9410-4D92-9A01-77C6D1C66434}.Release|Any CPU.ActiveCfg = Release|Any CPU
		{1E367B0A-9410-4D92-9A01-77C6D1C66434}.Release|Any CPU.Build.0 = Release|Any CPU
		{CBC608D3-AFD2-4C31-9E26-7E6BF61C27AF}.Debug|Any CPU.ActiveCfg = Debug|Any CPU
		{CBC608D3-AFD2-4C31-9E26-7E6BF61C27AF}.Debug|Any CPU.Build.0 = Debug|Any CPU
		{CBC608D3-AFD2-4C31-9E26-7E6BF61C27AF}.Release|Any CPU.ActiveCfg = Release|Any CPU
		{CBC608D3-AFD2-4C31-9E26-7E6BF61C27AF}.Release|Any CPU.Build.0 = Release|Any CPU
		{882AC7FC-C521-4A6F-983F-DBE0047B4CD5}.Debug|Any CPU.ActiveCfg = Debug|Any CPU
		{882AC7FC-C521-4A6F-983F-DBE0047B4CD5}.Debug|Any CPU.Build.0 = Debug|Any CPU
		{882AC7FC-C521-4A6F-983F-DBE0047B4CD5}.Release|Any CPU.ActiveCfg = Release|Any CPU
		{882AC7FC-C521-4A6F-983F-DBE0047B4CD5}.Release|Any CPU.Build.0 = Release|Any CPU
		{D583AEF5-C85F-4D25-9150-8986F34F710A}.Debug|Any CPU.ActiveCfg = Debug|Any CPU
		{D583AEF5-C85F-4D25-9150-8986F34F710A}.Debug|Any CPU.Build.0 = Debug|Any CPU
		{D583AEF5-C85F-4D25-9150-8986F34F710A}.Release|Any CPU.ActiveCfg = Release|Any CPU
		{D583AEF5-C85F-4D25-9150-8986F34F710A}.Release|Any CPU.Build.0 = Release|Any CPU
	EndGlobalSection
	GlobalSection(SolutionProperties) = preSolution
		HideSolutionNode = FALSE
	EndGlobalSection
	GlobalSection(ExtensibilityGlobals) = postSolution
		SolutionGuid = {AD9EBAC6-D54E-4833-BC3F-7B3569F333CB}
	EndGlobalSection
EndGlobal
